# This file is automatically @generated by Cargo.
# It is not intended for manual editing.
version = 4

[[package]]
name = "arm"
version = "0.1.0"
dependencies = [
 "guestmem",
]

[[package]]
name = "cli"
version = "0.1.0"
dependencies = [
 "arm",
 "guestmem",
 "macho",
 "runtime",
]

[[package]]
name = "guestmem"
version = "0.1.0"

[[package]]
name = "macho"
version = "0.1.0"

[[package]]
name = "runtime"
version = "0.1.0"
dependencies = [
 "arm",
 "guestmem",
 "macho",
]
